
Microsoft Visual Studio Solution File, Format Version 12.00
# Visual Studio Version 16
VisualStudioVersion = 16.0.31410.357
MinimumVisualStudioVersion = 10.0.40219.1
Project("{FAE04EC0-301F-11D3-BF4B-00C04F79EFBC}") = "AdopteDevWebApp", "AdopteDevWebApp\AdopteDevWebApp.csproj", "{E4B7DE0F-485E-48AC-A924-0A69A0186830}"
EndProject
Project("{FAE04EC0-301F-11D3-BF4B-00C04F79EFBC}") = "DataAccess", "DataAccess\DataAccess.csproj", "{1F0E6784-4F27-4CA3-A6CA-D3B0F07DA7A2}"
EndProject
Global
	GlobalSection(SolutionConfigurationPlatforms) = preSolution
		Debug|Any CPU = Debug|Any CPU
		Release|Any CPU = Release|Any CPU
	EndGlobalSection
	GlobalSection(ProjectConfigurationPlatforms) = postSolution
		{E4B7DE0F-485E-48AC-A924-0A69A0186830}.Debug|Any CPU.ActiveCfg = Debug|Any CPU
		{E4B7DE0F-485E-48AC-A924-0A69A0186830}.Debug|Any CPU.Build.0 = Debug|Any CPU
		{E4B7DE0F-485E-48AC-A924-0A69A0186830}.Release|Any CPU.ActiveCfg = Release|Any CPU
		{E4B7DE0F-485E-48AC-A924-0A69A0186830}.Release|Any CPU.Build.0 = Release|Any CPU
		{1F0E6784-4F27-4CA3-A6CA-D3B0F07DA7A2}.Debug|Any CPU.ActiveCfg = Debug|Any CPU
		{1F0E6784-4F27-4CA3-A6CA-D3B0F07DA7A2}.Debug|Any CPU.Build.0 = Debug|Any CPU
		{1F0E6784-4F27-4CA3-A6CA-D3B0F07DA7A2}.Release|Any CPU.ActiveCfg = Release|Any CPU
		{1F0E6784-4F27-4CA3-A6CA-D3B0F07DA7A2}.Release|Any CPU.Build.0 = Release|Any CPU
	EndGlobalSection
	GlobalSection(SolutionProperties) = preSolution
		HideSolutionNode = FALSE
	EndGlobalSection
	GlobalSection(ExtensibilityGlobals) = postSolution
		SolutionGuid = {39F5805E-FDB5-4D4B-A937-D5AD8EC37446}
	EndGlobalSection
EndGlobal
